
Microsoft Visual Studio Solution File, Format Version 12.00
# Visual Studio 14
VisualStudioVersion = 14.0.25123.0
MinimumVisualStudioVersion = 10.0.40219.1
Project("{FAE04EC0-301F-11D3-BF4B-00C04F79EFBC}") = "Service", "Service\Service.csproj", "{6D2EAB36-34A7-4649-A81D-2EBE72864B39}"
EndProject
Project("{FAE04EC0-301F-11D3-BF4B-00C04F79EFBC}") = "MainClient", "MainClient\MainClient.csproj", "{23AD3EC8-6A8E-4FDA-874E-429EA2D45221}"
EndProject
Project("{FAE04EC0-301F-11D3-BF4B-00C04F79EFBC}") = "DomainModel", "DomainModel\DomainModel.csproj", "{7254D253-D5FD-447A-8DA0-D1F275F10695}"
EndProject
Project("{FAE04EC0-301F-11D3-BF4B-00C04F79EFBC}") = "Service.Test", "Service.Test\Service.Test.csproj", "{C4F48A41-79B7-4F48-9A77-3C5625ED97EB}"
EndProject
Project("{FAE04EC0-301F-11D3-BF4B-00C04F79EFBC}") = "Service.Host.WindowsService", "Service.Host.WindowsService\Service.Host.WindowsService.csproj", "{03CF7AA6-4AE4-4497-BF4C-438E3F20E529}"
EndProject
Project("{54435603-DBB4-11D2-8724-00A0C9A8B90C}") = "Service.Host.Installer", "Service.Host.Installer\Service.Host.Installer.vdproj", "{CA60F5F1-76C7-4D2D-8CCE-7D7EE2035A1E}"
EndProject
Project("{54435603-DBB4-11D2-8724-00A0C9A8B90C}") = "MainClient.Setup", "MainClient.Setup\MainClient.Setup.vdproj", "{EE07440F-1E0A-4D2D-A20B-66C445EF68D5}"
EndProject
Project("{FAE04EC0-301F-11D3-BF4B-00C04F79EFBC}") = "Service.Host.Selfhost", "Service.Host.Selfhost\Service.Host.Selfhost.csproj", "{EF638721-89F5-4B90-88A1-036849560E68}"
EndProject
Project("{FAE04EC0-301F-11D3-BF4B-00C04F79EFBC}") = "Service.Settings.Installer", "Service.Settings.Installer\Service.Settings.Installer.csproj", "{A51AC8C3-C372-4CB3-8AEB-422E796037C2}"
EndProject
Global
	GlobalSection(SolutionConfigurationPlatforms) = preSolution
		CD_ROM|Any CPU = CD_ROM|Any CPU
		Debug|Any CPU = Debug|Any CPU
		DVD-5|Any CPU = DVD-5|Any CPU
		Release|Any CPU = Release|Any CPU
		SingleImage|Any CPU = SingleImage|Any CPU
	EndGlobalSection
	GlobalSection(ProjectConfigurationPlatforms) = postSolution
		{6D2EAB36-34A7-4649-A81D-2EBE72864B39}.CD_ROM|Any CPU.ActiveCfg = Release|Any CPU
		{6D2EAB36-34A7-4649-A81D-2EBE72864B39}.CD_ROM|Any CPU.Build.0 = Release|Any CPU
		{6D2EAB36-34A7-4649-A81D-2EBE72864B39}.Debug|Any CPU.ActiveCfg = Debug|Any CPU
		{6D2EAB36-34A7-4649-A81D-2EBE72864B39}.Debug|Any CPU.Build.0 = Debug|Any CPU
		{6D2EAB36-34A7-4649-A81D-2EBE72864B39}.DVD-5|Any CPU.ActiveCfg = Debug|Any CPU
		{6D2EAB36-34A7-4649-A81D-2EBE72864B39}.DVD-5|Any CPU.Build.0 = Debug|Any CPU
		{6D2EAB36-34A7-4649-A81D-2EBE72864B39}.Release|Any CPU.ActiveCfg = Release|Any CPU
		{6D2EAB36-34A7-4649-A81D-2EBE72864B39}.Release|Any CPU.Build.0 = Release|Any CPU
		{6D2EAB36-34A7-4649-A81D-2EBE72864B39}.SingleImage|Any CPU.ActiveCfg = Release|Any CPU
		{6D2EAB36-34A7-4649-A81D-2EBE72864B39}.SingleImage|Any CPU.Build.0 = Release|Any CPU
		{23AD3EC8-6A8E-4FDA-874E-429EA2D45221}.CD_ROM|Any CPU.ActiveCfg = Release|Any CPU
		{23AD3EC8-6A8E-4FDA-874E-429EA2D45221}.CD_ROM|Any CPU.Build.0 = Release|Any CPU
		{23AD3EC8-6A8E-4FDA-874E-429EA2D45221}.Debug|Any CPU.ActiveCfg = Debug|Any CPU
		{23AD3EC8-6A8E-4FDA-874E-429EA2D45221}.Debug|Any CPU.Build.0 = Debug|Any CPU
		{23AD3EC8-6A8E-4FDA-874E-429EA2D45221}.DVD-5|Any CPU.ActiveCfg = Debug|Any CPU
		{23AD3EC8-6A8E-4FDA-874E-429EA2D45221}.DVD-5|Any CPU.Build.0 = Debug|Any CPU
		{23AD3EC8-6A8E-4FDA-874E-429EA2D45221}.Release|Any CPU.ActiveCfg = Release|Any CPU
		{23AD3EC8-6A8E-4FDA-874E-429EA2D45221}.Release|Any CPU.Build.0 = Release|Any CPU
		{23AD3EC8-6A8E-4FDA-874E-429EA2D45221}.SingleImage|Any CPU.ActiveCfg = Release|Any CPU
		{23AD3EC8-6A8E-4FDA-874E-429EA2D45221}.SingleImage|Any CPU.Build.0 = Release|Any CPU
		{7254D253-D5FD-447A-8DA0-D1F275F10695}.CD_ROM|Any CPU.ActiveCfg = Release|Any CPU
		{7254D253-D5FD-447A-8DA0-D1F275F10695}.CD_ROM|Any CPU.Build.0 = Release|Any CPU
		{7254D253-D5FD-447A-8DA0-D1F275F10695}.Debug|Any CPU.ActiveCfg = Debug|Any CPU
		{7254D253-D5FD-447A-8DA0-D1F275F10695}.Debug|Any CPU.Build.0 = Debug|Any CPU
		{7254D253-D5FD-447A-8DA0-D1F275F10695}.DVD-5|Any CPU.ActiveCfg = Debug|Any CPU
		{7254D253-D5FD-447A-8DA0-D1F275F10695}.DVD-5|Any CPU.Build.0 = Debug|Any CPU
		{7254D253-D5FD-447A-8DA0-D1F275F10695}.Release|Any CPU.ActiveCfg = Release|Any CPU
		{7254D253-D5FD-447A-8DA0-D1F275F10695}.Release|Any CPU.Build.0 = Release|Any CPU
		{7254D253-D5FD-447A-8DA0-D1F275F10695}.SingleImage|Any CPU.ActiveCfg = Release|Any CPU
		{7254D253-D5FD-447A-8DA0-D1F275F10695}.SingleImage|Any CPU.Build.0 = Release|Any CPU
		{C4F48A41-79B7-4F48-9A77-3C5625ED97EB}.CD_ROM|Any CPU.ActiveCfg = Release|Any CPU
		{C4F48A41-79B7-4F48-9A77-3C5625ED97EB}.CD_ROM|Any CPU.Build.0 = Release|Any CPU
		{C4F48A41-79B7-4F48-9A77-3C5625ED97EB}.Debug|Any CPU.ActiveCfg = Debug|Any CPU
		{C4F48A41-79B7-4F48-9A77-3C5625ED97EB}.Debug|Any CPU.Build.0 = Debug|Any CPU
		{C4F48A41-79B7-4F48-9A77-3C5625ED97EB}.DVD-5|Any CPU.ActiveCfg = Debug|Any CPU
		{C4F48A41-79B7-4F48-9A77-3C5625ED97EB}.DVD-5|Any CPU.Build.0 = Debug|Any CPU
		{C4F48A41-79B7-4F48-9A77-3C5625ED97EB}.Release|Any CPU.ActiveCfg = Release|Any CPU
		{C4F48A41-79B7-4F48-9A77-3C5625ED97EB}.Release|Any CPU.Build.0 = Release|Any CPU
		{C4F48A41-79B7-4F48-9A77-3C5625ED97EB}.SingleImage|Any CPU.ActiveCfg = Release|Any CPU
		{C4F48A41-79B7-4F48-9A77-3C5625ED97EB}.SingleImage|Any CPU.Build.0 = Release|Any CPU
		{03CF7AA6-4AE4-4497-BF4C-438E3F20E529}.CD_ROM|Any CPU.ActiveCfg = Release|Any CPU
		{03CF7AA6-4AE4-4497-BF4C-438E3F20E529}.CD_ROM|Any CPU.Build.0 = Release|Any CPU
		{03CF7AA6-4AE4-4497-BF4C-438E3F20E529}.Debug|Any CPU.ActiveCfg = Debug|Any CPU
		{03CF7AA6-4AE4-4497-BF4C-438E3F20E529}.Debug|Any CPU.Build.0 = Debug|Any CPU
		{03CF7AA6-4AE4-4497-BF4C-438E3F20E529}.DVD-5|Any CPU.ActiveCfg = Debug|Any CPU
		{03CF7AA6-4AE4-4497-BF4C-438E3F20E529}.DVD-5|Any CPU.Build.0 = Debug|Any CPU
		{03CF7AA6-4AE4-4497-BF4C-438E3F20E529}.Release|Any CPU.ActiveCfg = Release|Any CPU
		{03CF7AA6-4AE4-4497-BF4C-438E3F20E529}.Release|Any CPU.Build.0 = Release|Any CPU
		{03CF7AA6-4AE4-4497-BF4C-438E3F20E529}.SingleImage|Any CPU.ActiveCfg = Release|Any CPU
		{03CF7AA6-4AE4-4497-BF4C-438E3F20E529}.SingleImage|Any CPU.Build.0 = Release|Any CPU
		{CA60F5F1-76C7-4D2D-8CCE-7D7EE2035A1E}.CD_ROM|Any CPU.ActiveCfg = Release
		{CA60F5F1-76C7-4D2D-8CCE-7D7EE2035A1E}.CD_ROM|Any CPU.Build.0 = Release
		{CA60F5F1-76C7-4D2D-8CCE-7D7EE2035A1E}.Debug|Any CPU.ActiveCfg = Debug
		{CA60F5F1-76C7-4D2D-8CCE-7D7EE2035A1E}.DVD-5|Any CPU.ActiveCfg = Debug
		{CA60F5F1-76C7-4D2D-8CCE-7D7EE2035A1E}.DVD-5|Any CPU.Build.0 = Debug
		{CA60F5F1-76C7-4D2D-8CCE-7D7EE2035A1E}.Release|Any CPU.ActiveCfg = Release
		{CA60F5F1-76C7-4D2D-8CCE-7D7EE2035A1E}.SingleImage|Any CPU.ActiveCfg = Release
		{CA60F5F1-76C7-4D2D-8CCE-7D7EE2035A1E}.SingleImage|Any CPU.Build.0 = Release
		{EE07440F-1E0A-4D2D-A20B-66C445EF68D5}.CD_ROM|Any CPU.ActiveCfg = Release
		{EE07440F-1E0A-4D2D-A20B-66C445EF68D5}.Debug|Any CPU.ActiveCfg = Debug
		{EE07440F-1E0A-4D2D-A20B-66C445EF68D5}.DVD-5|Any CPU.ActiveCfg = Debug
		{EE07440F-1E0A-4D2D-A20B-66C445EF68D5}.Release|Any CPU.ActiveCfg = Release
		{EE07440F-1E0A-4D2D-A20B-66C445EF68D5}.SingleImage|Any CPU.ActiveCfg = Release
		{EF638721-89F5-4B90-88A1-036849560E68}.CD_ROM|Any CPU.ActiveCfg = Release|Any CPU
		{EF638721-89F5-4B90-88A1-036849560E68}.CD_ROM|Any CPU.Build.0 = Release|Any CPU
		{EF638721-89F5-4B90-88A1-036849560E68}.Debug|Any CPU.ActiveCfg = Debug|Any CPU
		{EF638721-89F5-4B90-88A1-036849560E68}.Debug|Any CPU.Build.0 = Debug|Any CPU
		{EF638721-89F5-4B90-88A1-036849560E68}.DVD-5|Any CPU.ActiveCfg = Debug|Any CPU
		{EF638721-89F5-4B90-88A1-036849560E68}.DVD-5|Any CPU.Build.0 = Debug|Any CPU
		{EF638721-89F5-4B90-88A1-036849560E68}.Release|Any CPU.ActiveCfg = Release|Any CPU
		{EF638721-89F5-4B90-88A1-036849560E68}.Release|Any CPU.Build.0 = Release|Any CPU
		{EF638721-89F5-4B90-88A1-036849560E68}.SingleImage|Any CPU.ActiveCfg = Release|Any CPU
		{EF638721-89F5-4B90-88A1-036849560E68}.SingleImage|Any CPU.Build.0 = Release|Any CPU
		{A51AC8C3-C372-4CB3-8AEB-422E796037C2}.CD_ROM|Any CPU.ActiveCfg = Release|Any CPU
		{A51AC8C3-C372-4CB3-8AEB-422E796037C2}.CD_ROM|Any CPU.Build.0 = Release|Any CPU
		{A51AC8C3-C372-4CB3-8AEB-422E796037C2}.Debug|Any CPU.ActiveCfg = Debug|Any CPU
		{A51AC8C3-C372-4CB3-8AEB-422E796037C2}.Debug|Any CPU.Build.0 = Debug|Any CPU
		{A51AC8C3-C372-4CB3-8AEB-422E796037C2}.DVD-5|Any CPU.ActiveCfg = Debug|Any CPU
		{A51AC8C3-C372-4CB3-8AEB-422E796037C2}.DVD-5|Any CPU.Build.0 = Debug|Any CPU
		{A51AC8C3-C372-4CB3-8AEB-422E796037C2}.Release|Any CPU.ActiveCfg = Release|Any CPU
		{A51AC8C3-C372-4CB3-8AEB-422E796037C2}.Release|Any CPU.Build.0 = Release|Any CPU
		{A51AC8C3-C372-4CB3-8AEB-422E796037C2}.SingleImage|Any CPU.ActiveCfg = Release|Any CPU
		{A51AC8C3-C372-4CB3-8AEB-422E796037C2}.SingleImage|Any CPU.Build.0 = Release|Any CPU
	EndGlobalSection
	GlobalSection(SolutionProperties) = preSolution
		HideSolutionNode = FALSE
	EndGlobalSection
EndGlobal
